// !$*UTF8*$!
{
	archiveVersion = 1;
	classes = {
	};
	objectVersion = 48;
	objects = {

/* Begin PBXBuildFile section */
		DE67CADE2068010D0006B06E /* AppDelegate.m in Sources */ = {isa = PBXBuildFile; fileRef = DE67CADD2068010D0006B06E /* AppDelegate.m */; };
		DE67CAE12068010D0006B06E /* ViewController.m in Sources */ = {isa = PBXBuildFile; fileRef = DE67CAE02068010D0006B06E /* ViewController.m */; };
		DE67CAE42068010D0006B06E /* Main.storyboard in Resources */ = {isa = PBXBuildFile; fileRef = DE67CAE22068010D0006B06E /* Main.storyboard */; };
		DE67CAE62068010D0006B06E /* Assets.xcassets in Resources */ = {isa = PBXBuildFile; fileRef = DE67CAE52068010D0006B06E /* Assets.xcassets */; };
		DE67CAE92068010D0006B06E /* LaunchScreen.storyboard in Resources */ = {isa = PBXBuildFile; fileRef = DE67CAE72068010D0006B06E /* LaunchScreen.storyboard */; };
		DE67CAEC2068010D0006B06E /* main.m in Sources */ = {isa = PBXBuildFile; fileRef = DE67CAEB2068010D0006B06E /* main.m */; };
/* End PBXBuildFile section */

/* Begin PBXFileReference section */
		DE67CAD92068010D0006B06E /* TutorialsApp.app */ = {isa = PBXFileReference; explicitFileType = wrapper.application; includeInIndex = 0; path = TutorialsApp.app; sourceTree = BUILT_PRODUCTS_DIR; };
		DE67CADC2068010D0006B06E /* AppDelegate.h */ = {isa = PBXFileReference; lastKnownFileType = sourcecode.c.h; path = AppDelegate.h; sourceTree = "<group>"; };
		DE67CADD2068010D0006B06E /* AppDelegate.m */ = {isa = PBXFileReference; lastKnownFileType = sourcecode.c.objc; path = AppDelegate.m; sourceTree = "<group>"; };
		DE67CADF2068010D0006B06E /* ViewController.h */ = {isa = PBXFileReference; lastKnownFileType = sourcecode.c.h; path = ViewController.h; sourceTree = "<group>"; };
		DE67CAE02068010D0006B06E /* ViewController.m */ = {isa = PBXFileReference; lastKnownFileType = sourcecode.c.objc; path = ViewController.m; sourceTree = "<group>"; };
		DE67CAE32068010D0006B06E /* Base */ = {isa = PBXFileReference; lastKnownFileType = file.storyboard; name = Base; path = Base.lproj/Main.storyboard; sourceTree = "<group>"; };
		DE67CAE52068010D0006B06E /* Assets.xcassets */ = {isa = PBXFileReference; lastKnownFileType = folder.assetcatalog; path = Assets.xcassets; sourceTree = "<group>"; };
		DE67CAE82068010D0006B06E /* Base */ = {isa = PBXFileReference; lastKnownFileType = file.storyboard; name = Base; path = Base.lproj/LaunchScreen.storyboard; sourceTree = "<group>"; };
		DE67CAEA2068010D0006B06E /* Info.plist */ = {isa = PBXFileReference; lastKnownFileType = text.plist.xml; path = Info.plist; sourceTree = "<group>"; };
		DE67CAEB2068010D0006B06E /* main.m */ = {isa = PBXFileReference; lastKnownFileType = sourcecode.c.objc; path = main.m; sourceTree = "<group>"; };
/* End PBXFileReference section */

/* Begin PBXFrameworksBuildPhase section */
		DE67CAD62068010D0006B06E /* Frameworks */ = {
			isa = PBXFrameworksBuildPhase;
			buildActionMask = 2147483647;
			files = (
			);
			runOnlyForDeploymentPostprocessing = 0;
		};
/* End PBXFrameworksBuildPhase section */

/* Begin PBXGroup section */
		DE67CAD02068010D0006B06E = {
			isa = PBXGroup;
			children = (
				DE67CADB2068010D0006B06E /* TutorialsApp */,
				DE67CADA2068010D0006B06E /* Products */,
			);
			sourceTree = "<group>";
		};
		DE67CADA2068010D0006B06E /* Products */ = {
			isa = PBXGroup;
			children = (
				DE67CAD92068010D0006B06E /* TutorialsApp.app */,
			);
			name = Products;
			sourceTree = "<group>";
		};
		DE67CADB2068010D0006B06E /* TutorialsApp */ = {
			isa = PBXGroup;
			children = (
				DE67CADC2068010D0006B06E /* AppDelegate.h */,
				DE67CADD2068010D0006B06E /* AppDelegate.m */,
				DE67CADF2068010D0006B06E /* ViewController.h */,
				DE67CAE02068010D0006B06E /* ViewController.m */,
				DE67CAE22068010D0006B06E /* Main.storyboard */,
				DE67CAE52068010D0006B06E /* Assets.xcassets */,
				DE67CAE72068010D0006B06E /* LaunchScreen.storyboard */,
				DE67CAEA2068010D0006B06E /* Info.plist */,
				DE67CAEB2068010D0006B06E /* main.m */,
			);
			path = TutorialsApp;
			sourceTree = "<group>";
		};
/* End PBXGroup section */

/* Begin PBXNativeTarget section */
		DE67CAD82068010D0006B06E /* TutorialsApp */ = {
			isa = PBXNativeTarget;
			buildConfigurationList = DE67CAEF2068010D0006B06E /* Build configuration list for PBXNativeTarget "TutorialsApp" */;
			buildPhases = (
				DE67CAD52068010D0006B06E /* Sources */,
				DE67CAD62068010D0006B06E /* Frameworks */,
				DE67CAD72068010D0006B06E /* Resources */,
			);
			buildRules = (
			);
			dependencies = (
			);
			name = TutorialsApp;
			productName = TutorialsApp;
			productReference = DE67CAD92068010D0006B06E /* TutorialsApp.app */;
			productType = "com.apple.product-type.application";
		};
/* End PBXNativeTarget section */

/* Begin PBXProject section */
		DE67CAD12068010D0006B06E /* Project object */ = {
			isa = PBXProject;
			attributes = {
				LastUpgradeCheck = 0920;
				ORGANIZATIONNAME = "Duminica Octavian";
				TargetAttributes = {
					DE67CAD82068010D0006B06E = {
						CreatedOnToolsVersion = 9.2;
						ProvisioningStyle = Automatic;
					};
				};
			};
			buildConfigurationList = DE67CAD42068010D0006B06E /* Build configuration list for PBXProject "TutorialsApp" */;
			compatibilityVersion = "Xcode 8.0";
			developmentRegion = en;
			hasScannedForEncodings = 0;
			knownRegions = (
				en,
				Base,
			);
			mainGroup = DE67CAD02068010D0006B06E;
			productRefGroup = DE67CADA2068010D0006B06E /* Products */;
			projectDirPath = "";
			projectRoot = "";
			targets = (
				DE67CAD82068010D0006B06E /* TutorialsApp */,
			);
		};
/* End PBXProject section */

/* Begin PBXResourcesBuildPhase section */
		DE67CAD72068010D0006B06E /* Resources */ = {
			isa = PBXResourcesBuildPhase;
			buildActionMask = 2147483647;
			files = (
				DE67CAE92068010D0006B06E /* LaunchScreen.storyboard in Resources */,
				DE67CAE62068010D0006B06E /* Assets.xcassets in Resources */,
				DE67CAE42068010D0006B06E /* Main.storyboard in Resources */,
			);
			runOnlyForDeploymentPostprocessing = 0;
		};
/* End PBXResourcesBuildPhase section */

/* Begin PBXSourcesBuildPhase section */
		DE67CAD52068010D0006B06E /* Sources */ = {
			isa = PBXSourcesBuildPhase;
			buildActionMask = 2147483647;
			files = (
				DE67CAE12068010D0006B06E /* ViewController.m in Sources */,
				DE67CAEC2068010D0006B06E /* main.m in Sources */,
				DE67CADE2068010D0006B06E /* AppDelegate.m in Sources */,
			);
			runOnlyForDeploymentPostprocessing = 0;
		};
/* End PBXSourcesBuildPhase section */

/* Begin PBXVariantGroup section */
		DE67CAE22068010D0006B06E /* Main.storyboard */ = {
			isa = PBXVariantGroup;
			children = (
				DE67CAE32068010D0006B06E /* Base */,
			);
			name = Main.storyboard;
			sourceTree = "<group>";
		};
		DE67CAE72068010D0006B06E /* LaunchScreen.storyboard */ = {
			isa = PBXVariantGroup;
			children = (
				DE67CAE82068010D0006B06E /* Base */,
			);
			name = LaunchScreen.storyboard;
			sourceTree = "<group>";
		};
/* End PBXVariantGroup section */

/* Begin XCBuildConfiguration section */
		DE67CAED2068010D0006B06E /* Debug */ = {
			isa = XCBuildConfiguration;
			buildSettings = {
				ALWAYS_SEARCH_USER_PATHS = NO;
				CLANG_ANALYZER_NONNULL = YES;
				CLANG_ANALYZER_NUMBER_OBJECT_CONVERSION = YES_AGGRESSIVE;
				CLANG_CXX_LANGUAGE_STANDARD = "gnu++14";
				CLANG_CXX_LIBRARY = "libc++";
				CLANG_ENABLE_MODULES = YES;
				CLANG_ENABLE_OBJC_ARC = YES;
				CLANG_WARN_BLOCK_CAPTURE_AUTORELEASING = YES;
				CLANG_WARN_BOOL_CONVERSION = YES;
				CLANG_WARN_COMMA = YES;
				CLANG_WARN_CONSTANT_CONVERSION = YES;
				CLANG_WARN_DIRECT_OBJC_ISA_USAGE = YES_ERROR;
				CLANG_WARN_DOCUMENTATION_COMMENTS = YES;
				CLANG_WARN_EMPTY_BODY = YES;
				CLANG_WARN_ENUM_CONVERSION = YES;
				CLANG_WARN_INFINITE_RECURSION = YES;
				CLANG_WARN_INT_CONVERSION = YES;
				CLANG_WARN_NON_LITERAL_NULL_CONVERSION = YES;
				CLANG_WARN_OBJC_LITERAL_CONVERSION = YES;
				CLANG_WARN_OBJC_ROOT_CLASS = YES_ERROR;
				CLANG_WARN_RANGE_LOOP_ANALYSIS = YES;
				CLANG_WARN_STRICT_PROTOTYPES = YES;
				CLANG_WARN_SUSPICIOUS_MOVE = YES;
				CLANG_WARN_UNGUARDED_AVAILABILITY = YES_AGGRESSIVE;
				CLANG_WARN_UNREACHABLE_CODE = YES;
				CLANG_WARN__DUPLICATE_METHOD_MATCH = YES;
				CODE_SIGN_IDENTITY = "iPhone Developer";
				COPY_PHASE_STRIP = NO;
				DEBUG_INFORMATION_FORMAT = dwarf;
				ENABLE_STRICT_OBJC_MSGSEND = YES;
				ENABLE_TESTABILITY = YES;
				GCC_C_LANGUAGE_STANDARD = gnu11;
				GCC_DYNAMIC_NO_PIC = NO;
				GCC_NO_COMMON_BLOCKS = YES;
				GCC_OPTIMIZATION_LEVEL = 0;
				GCC_PREPROCESSOR_DEFINITIONS = (
					"DEBUG=1",
					"$(inherited)",
				);
				GCC_WARN_64_TO_32_BIT_CONVERSION = YES;
				GCC_WARN_ABOUT_RETURN_TYPE = YES_ERROR;
				GCC_WARN_UNDECLARED_SELECTOR = YES;
				GCC_WARN_UNINITIALIZED_AUTOS = YES_AGGRESSIVE;
				GCC_WARN_UNUSED_FUNCTION = YES;
				GCC_WARN_UNUSED_VARIABLE = YES;
				IPHONEOS_DEPLOYMENT_TARGET = 11.2;
				MTL_ENABLE_DEBUG_INFO = YES;
				ONLY_ACTIVE_ARCH = YES;
				SDKROOT = iphoneos;
			};
			name = Debug;
		};
		DE67CAEE2068010D0006B06E /* Release */ = {
			isa = XCBuildConfiguration;
			buildSettings = {
				ALWAYS_SEARCH_USER_PATHS = NO;
				CLANG_ANALYZER_NONNULL = YES;
				CLANG_ANALYZER_NUMBER_OBJECT_CONVERSION = YES_AGGRESSIVE;
				CLANG_CXX_LANGUAGE_STANDARD = "gnu++14";
				CLANG_CXX_LIBRARY = "libc++";
				CLANG_ENABLE_MODULES = YES;
				CLANG_ENABLE_OBJC_ARC = YES;
				CLANG_WARN_BLOCK_CAPTURE_AUTORELEASING = YES;
				CLANG_WARN_BOOL_CONVERSION = YES;
				CLANG_WARN_COMMA = YES;
				CLANG_WARN_CONSTANT_CONVERSION = YES;
				CLANG_WARN_DIRECT_OBJC_ISA_USAGE = YES_ERROR;
				CLANG_WARN_DOCUMENTATION_COMMENTS = YES;
				CLANG_WARN_EMPTY_BODY = YES;
				CLANG_WARN_ENUM_CONVERSION = YES;
				CLANG_WARN_INFINITE_RECURSION = YES;
				CLANG_WARN_INT_CONVERSION = YES;
				CLANG_WARN_NON_LITERAL_NULL_CONVERSION = YES;
				CLANG_WARN_OBJC_LITERAL_CONVERSION = YES;
				CLANG_WARN_OBJC_ROOT_CLASS = YES_ERROR;
				CLANG_WARN_RANGE_LOOP_ANALYSIS = YES;
				CLANG_WARN_STRICT_PROTOTYPES = YES;
				CLANG_WARN_SUSPICIOUS_MOVE = YES;
				CLANG_WARN_UNGUARDED_AVAILABILITY = YES_AGGRESSIVE;
				CLANG_WARN_UNREACHABLE_CODE = YES;
				CLANG_WARN__DUPLICATE_METHOD_MATCH = YES;
				CODE_SIGN_IDENTITY = "iPhone Developer";
				COPY_PHASE_STRIP = NO;
				DEBUG_INFORMATION_FORMAT = "dwarf-with-dsym";
				ENABLE_NS_ASSERTIONS = NO;
				ENABLE_STRICT_OBJC_MSGSEND = YES;
				GCC_C_LANGUAGE_STANDARD = gnu11;
				GCC_NO_COMMON_BLOCKS = YES;
				GCC_WARN_64_TO_32_BIT_CONVERSION = YES;
				GCC_WARN_ABOUT_RETURN_TYPE = YES_ERROR;
				GCC_WARN_UNDECLARED_SELECTOR = YES;
				GCC_WARN_UNINITIALIZED_AUTOS = YES_AGGRESSIVE;
				GCC_WARN_UNUSED_FUNCTION = YES;
				GCC_WARN_UNUSED_VARIABLE = YES;
				IPHONEOS_DEPLOYMENT_TARGET = 11.2;
				MTL_ENABLE_DEBUG_INFO = NO;
				SDKROOT = iphoneos;
				VALIDATE_PRODUCT = YES;
			};
			name = Release;
		};
		DE67CAF02068010D0006B06E /* Debug */ = {
			isa = XCBuildConfiguration;
			buildSettings = {
				ASSETCATALOG_COMPILER_APPICON_NAME = AppIcon;
				CODE_SIGN_STYLE = Automatic;
				DEVELOPMENT_TEAM = PX5AU8YC45;
				INFOPLIST_FILE = TutorialsApp/Info.plist;
				LD_RUNPATH_SEARCH_PATHS = "$(inherited) @executable_path/Frameworks";
				PRODUCT_BUNDLE_IDENTIFIER = Octavian.TutorialsApp;
				PRODUCT_NAME = "$(TARGET_NAME)";
				TARGETED_DEVICE_FAMILY = "1,2";
			};
			name = Debug;
		};
		DE67CAF12068010D0006B06E /* Release */ = {
			isa = XCBuildConfiguration;
			buildSettings = {
				ASSETCATALOG_COMPILER_APPICON_NAME = AppIcon;
				CODE_SIGN_STYLE = Automatic;
				DEVELOPMENT_TEAM = PX5AU8YC45;
				INFOPLIST_FILE = TutorialsApp/Info.plist;
				LD_RUNPATH_SEARCH_PATHS = "$(inherited) @executable_path/Frameworks";
				PRODUCT_BUNDLE_IDENTIFIER = Octavian.TutorialsApp;
				PRODUCT_NAME = "$(TARGET_NAME)";
				TARGETED_DEVICE_FAMILY = "1,2";
			};
			name = Release;
		};
/* End XCBuildConfiguration section */

/* Begin XCConfigurationList section */
		DE67CAD42068010D0006B06E /* Build configuration list for PBXProject "TutorialsApp" */ = {
			isa = XCConfigurationList;
			buildConfigurations = (
				DE67CAED2068010D0006B06E /* Debug */,
				DE67CAEE2068010D0006B06E /* Release */,
			);
			defaultConfigurationIsVisible = 0;
			defaultConfigurationName = Release;
		};
		DE67CAEF2068010D0006B06E /* Build configuration list for PBXNativeTarget "TutorialsApp" */ = {
			isa = XCConfigurationList;
			buildConfigurations = (
				DE67CAF02068010D0006B06E /* Debug */,
				DE67CAF12068010D0006B06E /* Release */,
			);
			defaultConfigurationIsVisible = 0;
			defaultConfigurationName = Release;
		};
/* End XCConfigurationList section */
	};
	rootObject = DE67CAD12068010D0006B06E /* Project object */;
}
